
Microsoft Visual Studio Solution File, Format Version 12.00
# Visual Studio Version 17
VisualStudioVersion = 17.13.35825.156 d17.13
MinimumVisualStudioVersion = 10.0.40219.1
Project("{888888A0-9F3D-457C-B088-3A5042F75D52}") = "1_Ollama_App", "1_Ollama_App\1_Ollama_App.pyproj", "{B3ADF511-741B-4852-9CD1-2256FEB39C3F}"
EndProject
Global
	GlobalSection(SolutionConfigurationPlatforms) = preSolution
		Debug|Any CPU = Debug|Any CPU
		Release|Any CPU = Release|Any CPU
	EndGlobalSection
	GlobalSection(ProjectConfigurationPlatforms) = postSolution
		{B3ADF511-741B-4852-9CD1-2256FEB39C3F}.Debug|Any CPU.ActiveCfg = Debug|Any CPU
		{B3ADF511-741B-4852-9CD1-2256FEB39C3F}.Debug|Any CPU.Build.0 = Debug|Any CPU
		{B3ADF511-741B-4852-9CD1-2256FEB39C3F}.Release|Any CPU.ActiveCfg = Release|Any CPU
		{B3ADF511-741B-4852-9CD1-2256FEB39C3F}.Release|Any CPU.Build.0 = Release|Any CPU
	EndGlobalSection
	GlobalSection(SolutionProperties) = preSolution
		HideSolutionNode = FALSE
	EndGlobalSection
	GlobalSection(ExtensibilityGlobals) = postSolution
		SolutionGuid = {0D5A833F-5625-4046-8A97-BBD065B1C43D}
	EndGlobalSection
EndGlobal
